lockfileVersion: '9.0'

settings:
  autoInstallPeers: true
  excludeLinksFromLockfile: false

importers:

  .:
    devDependencies:
      tree-sitter-cli:
        specifier: 0.26.13
        version: 0.26.13

packages:

  tree-sitter-cli@0.26.13:
    resolution: {integrity: sha512-SIC74lxT2jsygxaIGGb50Bpf8jtll24aXju98Y3eJienBTXCRQ+5k3YigwN31pASEUZKcKh98EPSZWky7ugUMA==}
    engines: {node: '>=12.0.0'}
    hasBin: true

snapshots:

  tree-sitter-cli@0.26.13: {}
